PODS:
  - Alamofire (4.0.0)
  - Crashlytics (3.8.1):
    - Fabric (~> 1.6.3)
  - Fabric (1.6.8)
  - FSHelpers+Swift (2.2)
  - ObjectMapper (2.0.0)
  - Realm (1.1.0):
    - Realm/Headers (= 1.1.0)
  - Realm/Headers (1.1.0)
  - RealmSwift (1.1.0):
    - Realm (= 1.1.0)
  - SAMKeychain (1.5.1)
  - SDWebImage (3.8.2):
    - SDWebImage/Core (= 3.8.2)
  - SDWebImage/Core (3.8.2)
  - SideMenu (2.0.1)
  - Smooch (5.0.0)
  - SVProgressHUD (2.0.3)
  - XCGLogger (4.0.0):
    - XCGLogger/Core (= 4.0.0)
  - XCGLogger/Core (4.0.0)

DEPENDENCIES:
  - Alamofire
  - Crashlytics
  - Fabric
  - FSHelpers+Swift (from `https://github.com/fs/FSHelper.git`, branch `master`)
  - ObjectMapper
  - Realm
  - RealmSwift
  - SAMKeychain
  - SDWebImage
  - SideMenu
  - Smooch
  - SVProgressHUD
  - XCGLogger (from `https://github.com/DaveWoodCom/XCGLogger.git`, branch `swift_3.0`)

EXTERNAL SOURCES:
  FSHelpers+Swift:
    :branch: master
    :git: https://github.com/fs/FSHelper.git
  XCGLogger:
    :branch: swift_3.0
    :git: https://github.com/DaveWoodCom/XCGLogger.git

CHECKOUT OPTIONS:
  FSHelpers+Swift:
    :commit: 835f7d730f142880439d27607f905125bf39fa0e
    :git: https://github.com/fs/FSHelper.git
  XCGLogger:
    :commit: 2fd27c92eb102bcf09f3176a230e42e38cacd4a2
    :git: https://github.com/DaveWoodCom/XCGLogger.git

SPEC CHECKSUMS:
  Alamofire: fef59f00388f267e52d9b432aa5d93dc97190f14
  Crashlytics: 4391d8df0b125345e9f209c5db6e7f40a6a8435d
  Fabric: 5755268d0171435ab167e3d0878a28a777deaf10
  FSHelpers+Swift: df9494a1d09ac433dcb3a88dcec6546a7a09c17b
  ObjectMapper: aed2570edabbd3c9b26c939e1cabdb6558f933e0
  Realm: ceecf1a4540c4ce9efe196fe73fa9855bce05bd8
  RealmSwift: 838058b2db95b12cb86bd0cf209df642c33fb60a
  SAMKeychain: 6b04852a20684167aea97bdf8ba12c95d3616376
  SDWebImage: '098e97e6176540799c27e804c96653ee0833d13c'
  SideMenu: 015d74d94b2e77c4710cc30a60e2d0be71821d2b
  Smooch: 88d317c4972654e854eba3383d43e6b77d0cb988
  SVProgressHUD: b0830714205bea1317ea1a2ebc71e5633af334d4
  XCGLogger: 38063ea89b4c8b23232d18efd2e12eb0005f3ea4

PODFILE CHECKSUM: 01a8de51138822e45e9b4d92434639fff11f7db2

COCOAPODS: 1.0.1
